
Microsoft Visual Studio Solution File, Format Version 12.00
# Visual Studio Version 17
VisualStudioVersion = 17.12.35527.113
MinimumVisualStudioVersion = 10.0.40219.1
Project("{FAE04EC0-301F-11D3-BF4B-00C04F79EFBC}") = "Day01", "Day01\Day01.csproj", "{B0ED7DC7-783F-41CA-84AA-B498A8E3B308}"
EndProject
Project("{FAE04EC0-301F-11D3-BF4B-00C04F79EFBC}") = "Common", "Common\Common.csproj", "{01FFF085-550F-457B-86E8-D8BA6FC251C2}"
EndProject
Project("{FAE04EC0-301F-11D3-BF4B-00C04F79EFBC}") = "Day02", "Day02\Day02.csproj", "{2AB7ACBE-5D04-4C15-9C4A-AE44F4899316}"
EndProject
Project("{FAE04EC0-301F-11D3-BF4B-00C04F79EFBC}") = "Day03", "Day03\Day03.csproj", "{2B118DF9-F1DF-4C5C-89A5-2B4FE7BFF8F6}"
EndProject
Global
	GlobalSection(SolutionConfigurationPlatforms) = preSolution
		Debug|Any CPU = Debug|Any CPU
		Release|Any CPU = Release|Any CPU
	EndGlobalSection
	GlobalSection(ProjectConfigurationPlatforms) = postSolution
		{B0ED7DC7-783F-41CA-84AA-B498A8E3B308}.Debug|Any CPU.ActiveCfg = Debug|Any CPU
		{B0ED7DC7-783F-41CA-84AA-B498A8E3B308}.Debug|Any CPU.Build.0 = Debug|Any CPU
		{B0ED7DC7-783F-41CA-84AA-B498A8E3B308}.Release|Any CPU.ActiveCfg = Release|Any CPU
		{B0ED7DC7-783F-41CA-84AA-B498A8E3B308}.Release|Any CPU.Build.0 = Release|Any CPU
		{01FFF085-550F-457B-86E8-D8BA6FC251C2}.Debug|Any CPU.ActiveCfg = Debug|Any CPU
		{01FFF085-550F-457B-86E8-D8BA6FC251C2}.Debug|Any CPU.Build.0 = Debug|Any CPU
		{01FFF085-550F-457B-86E8-D8BA6FC251C2}.Release|Any CPU.ActiveCfg = Release|Any CPU
		{01FFF085-550F-457B-86E8-D8BA6FC251C2}.Release|Any CPU.Build.0 = Release|Any CPU
		{2AB7ACBE-5D04-4C15-9C4A-AE44F4899316}.Debug|Any CPU.ActiveCfg = Debug|Any CPU
		{2AB7ACBE-5D04-4C15-9C4A-AE44F4899316}.Debug|Any CPU.Build.0 = Debug|Any CPU
		{2AB7ACBE-5D04-4C15-9C4A-AE44F4899316}.Release|Any CPU.ActiveCfg = Release|Any CPU
		{2AB7ACBE-5D04-4C15-9C4A-AE44F4899316}.Release|Any CPU.Build.0 = Release|Any CPU
		{2B118DF9-F1DF-4C5C-89A5-2B4FE7BFF8F6}.Debug|Any CPU.ActiveCfg = Debug|Any CPU
		{2B118DF9-F1DF-4C5C-89A5-2B4FE7BFF8F6}.Debug|Any CPU.Build.0 = Debug|Any CPU
		{2B118DF9-F1DF-4C5C-89A5-2B4FE7BFF8F6}.Release|Any CPU.ActiveCfg = Release|Any CPU
		{2B118DF9-F1DF-4C5C-89A5-2B4FE7BFF8F6}.Release|Any CPU.Build.0 = Release|Any CPU
	EndGlobalSection
	GlobalSection(SolutionProperties) = preSolution
		HideSolutionNode = FALSE
	EndGlobalSection
EndGlobal
